
Microsoft Visual Studio Solution File, Format Version 12.00
# Visual Studio Version 16
VisualStudioVersion = 16.0.29418.71
MinimumVisualStudioVersion = 10.0.40219.1
Project("{FAE04EC0-301F-11D3-BF4B-00C04F79EFBC}") = "PublishShinyApp", "PublishShinyApp\PublishShinyApp.csproj", "{5C4E7301-EC57-4739-9E04-B186934490CF}"
EndProject
Project("{9A19103F-16F7-4668-BE54-9A1E7A4F7556}") = "Docker.Registry.DotNet", "..\Docker.Registry.DotNet\src\Docker.Registry.DotNet\Docker.Registry.DotNet.csproj", "{EDD784BF-61B4-451E-B1DD-A01F5F92C44D}"
EndProject
Global
	GlobalSection(SolutionConfigurationPlatforms) = preSolution
		Debug|Any CPU = Debug|Any CPU
		Release|Any CPU = Release|Any CPU
	EndGlobalSection
	GlobalSection(ProjectConfigurationPlatforms) = postSolution
		{5C4E7301-EC57-4739-9E04-B186934490CF}.Debug|Any CPU.ActiveCfg = Debug|Any CPU
		{5C4E7301-EC57-4739-9E04-B186934490CF}.Debug|Any CPU.Build.0 = Debug|Any CPU
		{5C4E7301-EC57-4739-9E04-B186934490CF}.Release|Any CPU.ActiveCfg = Release|Any CPU
		{5C4E7301-EC57-4739-9E04-B186934490CF}.Release|Any CPU.Build.0 = Release|Any CPU
		{EDD784BF-61B4-451E-B1DD-A01F5F92C44D}.Debug|Any CPU.ActiveCfg = Debug|Any CPU
		{EDD784BF-61B4-451E-B1DD-A01F5F92C44D}.Debug|Any CPU.Build.0 = Debug|Any CPU
		{EDD784BF-61B4-451E-B1DD-A01F5F92C44D}.Release|Any CPU.ActiveCfg = Release|Any CPU
		{EDD784BF-61B4-451E-B1DD-A01F5F92C44D}.Release|Any CPU.Build.0 = Release|Any CPU
	EndGlobalSection
	GlobalSection(SolutionProperties) = preSolution
		HideSolutionNode = FALSE
	EndGlobalSection
	GlobalSection(ExtensibilityGlobals) = postSolution
		SolutionGuid = {9E5DBF9B-53A2-4683-909E-54C0136BF3FB}
	EndGlobalSection
EndGlobal
